
Microsoft Visual Studio Solution File, Format Version 12.00
# Visual Studio Version 17
VisualStudioVersion = 17.8.34316.72
MinimumVisualStudioVersion = 10.0.40219.1
Project("{FAE04EC0-301F-11D3-BF4B-00C04F79EFBC}") = "EmployeePayRoll_WebForm", "EmployeePayRoll_WebForm\EmployeePayRoll_WebForm.csproj", "{9E3AD33E-A7A9-4AFB-AF7F-362994171372}"
EndProject
Global
	GlobalSection(SolutionConfigurationPlatforms) = preSolution
		Debug|Any CPU = Debug|Any CPU
		Release|Any CPU = Release|Any CPU
	EndGlobalSection
	GlobalSection(ProjectConfigurationPlatforms) = postSolution
		{9E3AD33E-A7A9-4AFB-AF7F-362994171372}.Debug|Any CPU.ActiveCfg = Debug|Any CPU
		{9E3AD33E-A7A9-4AFB-AF7F-362994171372}.Debug|Any CPU.Build.0 = Debug|Any CPU
		{9E3AD33E-A7A9-4AFB-AF7F-362994171372}.Release|Any CPU.ActiveCfg = Release|Any CPU
		{9E3AD33E-A7A9-4AFB-AF7F-362994171372}.Release|Any CPU.Build.0 = Release|Any CPU
	EndGlobalSection
	GlobalSection(SolutionProperties) = preSolution
		HideSolutionNode = FALSE
	EndGlobalSection
	GlobalSection(ExtensibilityGlobals) = postSolution
		SolutionGuid = {53D93883-3BF5-4928-AB3F-9B7A499EE441}
	EndGlobalSection
EndGlobal
